// !$*UTF8*$!
{
	archiveVersion = 1;
	classes = {
	};
	objectVersion = 46;
	objects = {

/* Begin PBXBuildFile section */
		C24C4DE91CDB2AE10079F207 /* MJRefreshAutoFooter.m in Sources */ = {isa = PBXBuildFile; fileRef = C24C4DBF1CDB2AE00079F207 /* MJRefreshAutoFooter.m */; };
		C24C4DEA1CDB2AE10079F207 /* MJRefreshBackFooter.m in Sources */ = {isa = PBXBuildFile; fileRef = C24C4DC11CDB2AE00079F207 /* MJRefreshBackFooter.m */; };
		C24C4DEB1CDB2AE10079F207 /* MJRefreshComponent.m in Sources */ = {isa = PBXBuildFile; fileRef = C24C4DC31CDB2AE10079F207 /* MJRefreshComponent.m */; };
		C24C4DEC1CDB2AE10079F207 /* MJRefreshFooter.m in Sources */ = {isa = PBXBuildFile; fileRef = C24C4DC51CDB2AE10079F207 /* MJRefreshFooter.m */; };
		C24C4DED1CDB2AE10079F207 /* MJRefreshHeader.m in Sources */ = {isa = PBXBuildFile; fileRef = C24C4DC71CDB2AE10079F207 /* MJRefreshHeader.m */; };
		C24C4DEE1CDB2AE10079F207 /* MJRefreshAutoGifFooter.m in Sources */ = {isa = PBXBuildFile; fileRef = C24C4DCC1CDB2AE10079F207 /* MJRefreshAutoGifFooter.m */; };
		C24C4DEF1CDB2AE10079F207 /* MJRefreshAutoNormalFooter.m in Sources */ = {isa = PBXBuildFile; fileRef = C24C4DCE1CDB2AE10079F207 /* MJRefreshAutoNormalFooter.m */; };
		C24C4DF01CDB2AE10079F207 /* MJRefreshAutoStateFooter.m in Sources */ = {isa = PBXBuildFile; fileRef = C24C4DD01CDB2AE10079F207 /* MJRefreshAutoStateFooter.m */; };
		C24C4DF11CDB2AE10079F207 /* MJRefreshBackGifFooter.m in Sources */ = {isa = PBXBuildFile; fileRef = C24C4DD31CDB2AE10079F207 /* MJRefreshBackGifFooter.m */; };
		C24C4DF21CDB2AE10079F207 /* MJRefreshBackNormalFooter.m in Sources */ = {isa = PBXBuildFile; fileRef = C24C4DD51CDB2AE10079F207 /* MJRefreshBackNormalFooter.m */; };
		C24C4DF31CDB2AE10079F207 /* MJRefreshBackStateFooter.m in Sources */ = {isa = PBXBuildFile; fileRef = C24C4DD71CDB2AE10079F207 /* MJRefreshBackStateFooter.m */; };
		C24C4DF41CDB2AE10079F207 /* MJRefreshGifHeader.m in Sources */ = {isa = PBXBuildFile; fileRef = C24C4DDA1CDB2AE10079F207 /* MJRefreshGifHeader.m */; };
		C24C4DF51CDB2AE10079F207 /* MJRefreshNormalHeader.m in Sources */ = {isa = PBXBuildFile; fileRef = C24C4DDC1CDB2AE10079F207 /* MJRefreshNormalHeader.m */; };
		C24C4DF61CDB2AE10079F207 /* MJRefreshStateHeader.m in Sources */ = {isa = PBXBuildFile; fileRef = C24C4DDE1CDB2AE10079F207 /* MJRefreshStateHeader.m */; };
		C24C4DF71CDB2AE10079F207 /* MJRefresh.bundle in Resources */ = {isa = PBXBuildFile; fileRef = C24C4DDF1CDB2AE10079F207 /* MJRefresh.bundle */; };
		C24C4DF81CDB2AE10079F207 /* MJRefreshConst.m in Sources */ = {isa = PBXBuildFile; fileRef = C24C4DE21CDB2AE10079F207 /* MJRefreshConst.m */; };
		C24C4DF91CDB2AE10079F207 /* UIScrollView+MJExtension.m in Sources */ = {isa = PBXBuildFile; fileRef = C24C4DE41CDB2AE10079F207 /* UIScrollView+MJExtension.m */; };
		C24C4DFA1CDB2AE10079F207 /* UIScrollView+MJRefresh.m in Sources */ = {isa = PBXBuildFile; fileRef = C24C4DE61CDB2AE10079F207 /* UIScrollView+MJRefresh.m */; };
		C24C4DFB1CDB2AE10079F207 /* UIView+MJExtension.m in Sources */ = {isa = PBXBuildFile; fileRef = C24C4DE81CDB2AE10079F207 /* UIView+MJExtension.m */; };
		C25498521CD838DA00DDB5E7 /* main.m in Sources */ = {isa = PBXBuildFile; fileRef = C25498511CD838DA00DDB5E7 /* main.m */; };
		C25498551CD838DA00DDB5E7 /* AppDelegate.m in Sources */ = {isa = PBXBuildFile; fileRef = C25498541CD838DA00DDB5E7 /* AppDelegate.m */; };
		C25498581CD838DA00DDB5E7 /* ViewController.m in Sources */ = {isa = PBXBuildFile; fileRef = C25498571CD838DA00DDB5E7 /* ViewController.m */; };
		C254985B1CD838DA00DDB5E7 /* Main.storyboard in Resources */ = {isa = PBXBuildFile; fileRef = C25498591CD838DA00DDB5E7 /* Main.storyboard */; };
		C254985D1CD838DA00DDB5E7 /* Assets.xcassets in Resources */ = {isa = PBXBuildFile; fileRef = C254985C1CD838DA00DDB5E7 /* Assets.xcassets */; };
		C25498601CD838DA00DDB5E7 /* LaunchScreen.storyboard in Resources */ = {isa = PBXBuildFile; fileRef = C254985E1CD838DA00DDB5E7 /* LaunchScreen.storyboard */; };
		C254986B1CD838DA00DDB5E7 /* RefreshDemoTests.m in Sources */ = {isa = PBXBuildFile; fileRef = C254986A1CD838DA00DDB5E7 /* RefreshDemoTests.m */; };
		C25498761CD838DA00DDB5E7 /* RefreshDemoUITests.m in Sources */ = {isa = PBXBuildFile; fileRef = C25498751CD838DA00DDB5E7 /* RefreshDemoUITests.m */; };
/* End PBXBuildFile section */

/* Begin PBXContainerItemProxy section */
		C25498671CD838DA00DDB5E7 /* PBXContainerItemProxy */ = {
			isa = PBXContainerItemProxy;
			containerPortal = C25498451CD838DA00DDB5E7 /* Project object */;
			proxyType = 1;
			remoteGlobalIDString = C254984C1CD838DA00DDB5E7;
			remoteInfo = RefreshDemo;
		};
		C25498721CD838DA00DDB5E7 /* PBXContainerItemProxy */ = {
			isa = PBXContainerItemProxy;
			containerPortal = C25498451CD838DA00DDB5E7 /* Project object */;
			proxyType = 1;
			remoteGlobalIDString = C254984C1CD838DA00DDB5E7;
			remoteInfo = RefreshDemo;
		};
/* End PBXContainerItemProxy section */

/* Begin PBXFileReference section */
		C24C4DBE1CDB2AE00079F207 /* MJRefreshAutoFooter.h */ = {isa = PBXFileReference; fileEncoding = 4; lastKnownFileType = sourcecode.c.h; path = MJRefreshAutoFooter.h; sourceTree = "<group>"; };
		C24C4DBF1CDB2AE00079F207 /* MJRefreshAutoFooter.m */ = {isa = PBXFileReference; fileEncoding = 4; lastKnownFileType = sourcecode.c.objc; path = MJRefreshAutoFooter.m; sourceTree = "<group>"; };
		C24C4DC01CDB2AE00079F207 /* MJRefreshBackFooter.h */ = {isa = PBXFileReference; fileEncoding = 4; lastKnownFileType = sourcecode.c.h; path = MJRefreshBackFooter.h; sourceTree = "<group>"; };
		C24C4DC11CDB2AE00079F207 /* MJRefreshBackFooter.m */ = {isa = PBXFileReference; fileEncoding = 4; lastKnownFileType = sourcecode.c.objc; path = MJRefreshBackFooter.m; sourceTree = "<group>"; };
		C24C4DC21CDB2AE00079F207 /* MJRefreshComponent.h */ = {isa = PBXFileReference; fileEncoding = 4; lastKnownFileType = sourcecode.c.h; path = MJRefreshComponent.h; sourceTree = "<group>"; };
		C24C4DC31CDB2AE10079F207 /* MJRefreshComponent.m */ = {isa = PBXFileReference; fileEncoding = 4; lastKnownFileType = sourcecode.c.objc; path = MJRefreshComponent.m; sourceTree = "<group>"; };
		C24C4DC41CDB2AE10079F207 /* MJRefreshFooter.h */ = {isa = PBXFileReference; fileEncoding = 4; lastKnownFileType = sourcecode.c.h; path = MJRefreshFooter.h; sourceTree = "<group>"; };
		C24C4DC51CDB2AE10079F207 /* MJRefreshFooter.m */ = {isa = PBXFileReference; fileEncoding = 4; lastKnownFileType = sourcecode.c.objc; path = MJRefreshFooter.m; sourceTree = "<group>"; };
		C24C4DC61CDB2AE10079F207 /* MJRefreshHeader.h */ = {isa = PBXFileReference; fileEncoding = 4; lastKnownFileType = sourcecode.c.h; path = MJRefreshHeader.h; sourceTree = "<group>"; };
		C24C4DC71CDB2AE10079F207 /* MJRefreshHeader.m */ = {isa = PBXFileReference; fileEncoding = 4; lastKnownFileType = sourcecode.c.objc; path = MJRefreshHeader.m; sourceTree = "<group>"; };
		C24C4DCB1CDB2AE10079F207 /* MJRefreshAutoGifFooter.h */ = {isa = PBXFileReference; fileEncoding = 4; lastKnownFileType = sourcecode.c.h; path = MJRefreshAutoGifFooter.h; sourceTree = "<group>"; };
		C24C4DCC1CDB2AE10079F207 /* MJRefreshAutoGifFooter.m */ = {isa = PBXFileReference; fileEncoding = 4; lastKnownFileType = sourcecode.c.objc; path = MJRefreshAutoGifFooter.m; sourceTree = "<group>"; };
		C24C4DCD1CDB2AE10079F207 /* MJRefreshAutoNormalFooter.h */ = {isa = PBXFileReference; fileEncoding = 4; lastKnownFileType = sourcecode.c.h; path = MJRefreshAutoNormalFooter.h; sourceTree = "<group>"; };
		C24C4DCE1CDB2AE10079F207 /* MJRefreshAutoNormalFooter.m */ = {isa = PBXFileReference; fileEncoding = 4; lastKnownFileType = sourcecode.c.objc; path = MJRefreshAutoNormalFooter.m; sourceTree = "<group>"; };
		C24C4DCF1CDB2AE10079F207 /* MJRefreshAutoStateFooter.h */ = {isa = PBXFileReference; fileEncoding = 4; lastKnownFileType = sourcecode.c.h; path = MJRefreshAutoStateFooter.h; sourceTree = "<group>"; };
		C24C4DD01CDB2AE10079F207 /* MJRefreshAutoStateFooter.m */ = {isa = PBXFileReference; fileEncoding = 4; lastKnownFileType = sourcecode.c.objc; path = MJRefreshAutoStateFooter.m; sourceTree = "<group>"; };
		C24C4DD21CDB2AE10079F207 /* MJRefreshBackGifFooter.h */ = {isa = PBXFileReference; fileEncoding = 4; lastKnownFileType = sourcecode.c.h; path = MJRefreshBackGifFooter.h; sourceTree = "<group>"; };
		C24C4DD31CDB2AE10079F207 /* MJRefreshBackGifFooter.m */ = {isa = PBXFileReference; fileEncoding = 4; lastKnownFileType = sourcecode.c.objc; path = MJRefreshBackGifFooter.m; sourceTree = "<group>"; };
		C24C4DD41CDB2AE10079F207 /* MJRefreshBackNormalFooter.h */ = {isa = PBXFileReference; fileEncoding = 4; lastKnownFileType = sourcecode.c.h; path = MJRefreshBackNormalFooter.h; sourceTree = "<group>"; };
		C24C4DD51CDB2AE10079F207 /* MJRefreshBackNormalFooter.m */ = {isa = PBXFileReference; fileEncoding = 4; lastKnownFileType = sourcecode.c.objc; path = MJRefreshBackNormalFooter.m; sourceTree = "<group>"; };
		C24C4DD61CDB2AE10079F207 /* MJRefreshBackStateFooter.h */ = {isa = PBXFileReference; fileEncoding = 4; lastKnownFileType = sourcecode.c.h; path = MJRefreshBackStateFooter.h; sourceTree = "<group>"; };
		C24C4DD71CDB2AE10079F207 /* MJRefreshBackStateFooter.m */ = {isa = PBXFileReference; fileEncoding = 4; lastKnownFileType = sourcecode.c.objc; path = MJRefreshBackStateFooter.m; sourceTree = "<group>"; };
		C24C4DD91CDB2AE10079F207 /* MJRefreshGifHeader.h */ = {isa = PBXFileReference; fileEncoding = 4; lastKnownFileType = sourcecode.c.h; path = MJRefreshGifHeader.h; sourceTree = "<group>"; };
		C24C4DDA1CDB2AE10079F207 /* MJRefreshGifHeader.m */ = {isa = PBXFileReference; fileEncoding = 4; lastKnownFileType = sourcecode.c.objc; path = MJRefreshGifHeader.m; sourceTree = "<group>"; };
		C24C4DDB1CDB2AE10079F207 /* MJRefreshNormalHeader.h */ = {isa = PBXFileReference; fileEncoding = 4; lastKnownFileType = sourcecode.c.h; path = MJRefreshNormalHeader.h; sourceTree = "<group>"; };
		C24C4DDC1CDB2AE10079F207 /* MJRefreshNormalHeader.m */ = {isa = PBXFileReference; fileEncoding = 4; lastKnownFileType = sourcecode.c.objc; path = MJRefreshNormalHeader.m; sourceTree = "<group>"; };
		C24C4DDD1CDB2AE10079F207 /* MJRefreshStateHeader.h */ = {isa = PBXFileReference; fileEncoding = 4; lastKnownFileType = sourcecode.c.h; path = MJRefreshStateHeader.h; sourceTree = "<group>"; };
		C24C4DDE1CDB2AE10079F207 /* MJRefreshStateHeader.m */ = {isa = PBXFileReference; fileEncoding = 4; lastKnownFileType = sourcecode.c.objc; path = MJRefreshStateHeader.m; sourceTree = "<group>"; };
		C24C4DDF1CDB2AE10079F207 /* MJRefresh.bundle */ = {isa = PBXFileReference; lastKnownFileType = "wrapper.plug-in"; path = MJRefresh.bundle; sourceTree = "<group>"; };
		C24C4DE01CDB2AE10079F207 /* MJRefresh.h */ = {isa = PBXFileReference; fileEncoding = 4; lastKnownFileType = sourcecode.c.h; path = MJRefresh.h; sourceTree = "<group>"; };
		C24C4DE11CDB2AE10079F207 /* MJRefreshConst.h */ = {isa = PBXFileReference; fileEncoding = 4; lastKnownFileType = sourcecode.c.h; path = MJRefreshConst.h; sourceTree = "<group>"; };
		C24C4DE21CDB2AE10079F207 /* MJRefreshConst.m */ = {isa = PBXFileReference; fileEncoding = 4; lastKnownFileType = sourcecode.c.objc; path = MJRefreshConst.m; sourceTree = "<group>"; };
		C24C4DE31CDB2AE10079F207 /* UIScrollView+MJExtension.h */ = {isa = PBXFileReference; fileEncoding = 4; lastKnownFileType = sourcecode.c.h; path = "UIScrollView+MJExtension.h"; sourceTree = "<group>"; };
		C24C4DE41CDB2AE10079F207 /* UIScrollView+MJExtension.m */ = {isa = PBXFileReference; fileEncoding = 4; lastKnownFileType = sourcecode.c.objc; path = "UIScrollView+MJExtension.m"; sourceTree = "<group>"; };
		C24C4DE51CDB2AE10079F207 /* UIScrollView+MJRefresh.h */ = {isa = PBXFileReference; fileEncoding = 4; lastKnownFileType = sourcecode.c.h; path = "UIScrollView+MJRefresh.h"; sourceTree = "<group>"; };
		C24C4DE61CDB2AE10079F207 /* UIScrollView+MJRefresh.m */ = {isa = PBXFileReference; fileEncoding = 4; lastKnownFileType = sourcecode.c.objc; path = "UIScrollView+MJRefresh.m"; sourceTree = "<group>"; };
		C24C4DE71CDB2AE10079F207 /* UIView+MJExtension.h */ = {isa = PBXFileReference; fileEncoding = 4; lastKnownFileType = sourcecode.c.h; path = "UIView+MJExtension.h"; sourceTree = "<group>"; };
		C24C4DE81CDB2AE10079F207 /* UIView+MJExtension.m */ = {isa = PBXFileReference; fileEncoding = 4; lastKnownFileType = sourcecode.c.objc; path = "UIView+MJExtension.m"; sourceTree = "<group>"; };
		C254984D1CD838DA00DDB5E7 /* RefreshDemo.app */ = {isa = PBXFileReference; explicitFileType = wrapper.application; includeInIndex = 0; path = RefreshDemo.app; sourceTree = BUILT_PRODUCTS_DIR; };
		C25498511CD838DA00DDB5E7 /* main.m */ = {isa = PBXFileReference; lastKnownFileType = sourcecode.c.objc; path = main.m; sourceTree = "<group>"; };
		C25498531CD838DA00DDB5E7 /* AppDelegate.h */ = {isa = PBXFileReference; lastKnownFileType = sourcecode.c.h; path = AppDelegate.h; sourceTree = "<group>"; };
		C25498541CD838DA00DDB5E7 /* AppDelegate.m */ = {isa = PBXFileReference; lastKnownFileType = sourcecode.c.objc; path = AppDelegate.m; sourceTree = "<group>"; };
		C25498561CD838DA00DDB5E7 /* ViewController.h */ = {isa = PBXFileReference; lastKnownFileType = sourcecode.c.h; path = ViewController.h; sourceTree = "<group>"; };
		C25498571CD838DA00DDB5E7 /* ViewController.m */ = {isa = PBXFileReference; lastKnownFileType = sourcecode.c.objc; path = ViewController.m; sourceTree = "<group>"; };
		C254985A1CD838DA00DDB5E7 /* Base */ = {isa = PBXFileReference; lastKnownFileType = file.storyboard; name = Base; path = Base.lproj/Main.storyboard; sourceTree = "<group>"; };
		C254985C1CD838DA00DDB5E7 /* Assets.xcassets */ = {isa = PBXFileReference; lastKnownFileType = folder.assetcatalog; path = Assets.xcassets; sourceTree = "<group>"; };
		C254985F1CD838DA00DDB5E7 /* Base */ = {isa = PBXFileReference; lastKnownFileType = file.storyboard; name = Base; path = Base.lproj/LaunchScreen.storyboard; sourceTree = "<group>"; };
		C25498611CD838DA00DDB5E7 /* Info.plist */ = {isa = PBXFileReference; lastKnownFileType = text.plist.xml; path = Info.plist; sourceTree = "<group>"; };
		C25498661CD838DA00DDB5E7 /* RefreshDemoTests.xctest */ = {isa = PBXFileReference; explicitFileType = wrapper.cfbundle; includeInIndex = 0; path = RefreshDemoTests.xctest; sourceTree = BUILT_PRODUCTS_DIR; };
		C254986A1CD838DA00DDB5E7 /* RefreshDemoTests.m */ = {isa = PBXFileReference; lastKnownFileType = sourcecode.c.objc; path = RefreshDemoTests.m; sourceTree = "<group>"; };
		C254986C1CD838DA00DDB5E7 /* Info.plist */ = {isa = PBXFileReference; lastKnownFileType = text.plist.xml; path = Info.plist; sourceTree = "<group>"; };
		C25498711CD838DA00DDB5E7 /* RefreshDemoUITests.xctest */ = {isa = PBXFileReference; explicitFileType = wrapper.cfbundle; includeInIndex = 0; path = RefreshDemoUITests.xctest; sourceTree = BUILT_PRODUCTS_DIR; };
		C25498751CD838DA00DDB5E7 /* RefreshDemoUITests.m */ = {isa = PBXFileReference; lastKnownFileType = sourcecode.c.objc; path = RefreshDemoUITests.m; sourceTree = "<group>"; };
		C25498771CD838DA00DDB5E7 /* Info.plist */ = {isa = PBXFileReference; lastKnownFileType = text.plist.xml; path = Info.plist; sourceTree = "<group>"; };
/* End PBXFileReference section */

/* Begin PBXFrameworksBuildPhase section */
		C254984A1CD838DA00DDB5E7 /* Frameworks */ = {
			isa = PBXFrameworksBuildPhase;
			buildActionMask = 2147483647;
			files = (
			);
			runOnlyForDeploymentPostprocessing = 0;
		};
		C25498631CD838DA00DDB5E7 /* Frameworks */ = {
			isa = PBXFrameworksBuildPhase;
			buildActionMask = 2147483647;
			files = (
			);
			runOnlyForDeploymentPostprocessing = 0;
		};
		C254986E1CD838DA00DDB5E7 /* Frameworks */ = {
			isa = PBXFrameworksBuildPhase;
			buildActionMask = 2147483647;
			files = (
			);
			runOnlyForDeploymentPostprocessing = 0;
		};
/* End PBXFrameworksBuildPhase section */

/* Begin PBXGroup section */
		C24C4DBC1CDB2AE00079F207 /* MJRefresh */ = {
			isa = PBXGroup;
			children = (
				C24C4DBD1CDB2AE00079F207 /* Base */,
				C24C4DC81CDB2AE10079F207 /* Custom */,
				C24C4DDF1CDB2AE10079F207 /* MJRefresh.bundle */,
				C24C4DE01CDB2AE10079F207 /* MJRefresh.h */,
				C24C4DE11CDB2AE10079F207 /* MJRefreshConst.h */,
				C24C4DE21CDB2AE10079F207 /* MJRefreshConst.m */,
				C24C4DE31CDB2AE10079F207 /* UIScrollView+MJExtension.h */,
				C24C4DE41CDB2AE10079F207 /* UIScrollView+MJExtension.m */,
				C24C4DE51CDB2AE10079F207 /* UIScrollView+MJRefresh.h */,
				C24C4DE61CDB2AE10079F207 /* UIScrollView+MJRefresh.m */,
				C24C4DE71CDB2AE10079F207 /* UIView+MJExtension.h */,
				C24C4DE81CDB2AE10079F207 /* UIView+MJExtension.m */,
			);
			path = MJRefresh;
			sourceTree = "<group>";
		};
		C24C4DBD1CDB2AE00079F207 /* Base */ = {
			isa = PBXGroup;
			children = (
				C24C4DBE1CDB2AE00079F207 /* MJRefreshAutoFooter.h */,
				C24C4DBF1CDB2AE00079F207 /* MJRefreshAutoFooter.m */,
				C24C4DC01CDB2AE00079F207 /* MJRefreshBackFooter.h */,
				C24C4DC11CDB2AE00079F207 /* MJRefreshBackFooter.m */,
				C24C4DC21CDB2AE00079F207 /* MJRefreshComponent.h */,
				C24C4DC31CDB2AE10079F207 /* MJRefreshComponent.m */,
				C24C4DC41CDB2AE10079F207 /* MJRefreshFooter.h */,
				C24C4DC51CDB2AE10079F207 /* MJRefreshFooter.m */,
				C24C4DC61CDB2AE10079F207 /* MJRefreshHeader.h */,
				C24C4DC71CDB2AE10079F207 /* MJRefreshHeader.m */,
			);
			path = Base;
			sourceTree = "<group>";
		};
		C24C4DC81CDB2AE10079F207 /* Custom */ = {
			isa = PBXGroup;
			children = (
				C24C4DC91CDB2AE10079F207 /* Footer */,
				C24C4DD81CDB2AE10079F207 /* Header */,
			);
			path = Custom;
			sourceTree = "<group>";
		};
		C24C4DC91CDB2AE10079F207 /* Footer */ = {
			isa = PBXGroup;
			children = (
				C24C4DCA1CDB2AE10079F207 /* Auto */,
				C24C4DD11CDB2AE10079F207 /* Back */,
			);
			path = Footer;
			sourceTree = "<group>";
		};
		C24C4DCA1CDB2AE10079F207 /* Auto */ = {
			isa = PBXGroup;
			children = (
				C24C4DCB1CDB2AE10079F207 /* MJRefreshAutoGifFooter.h */,
				C24C4DCC1CDB2AE10079F207 /* MJRefreshAutoGifFooter.m */,
				C24C4DCD1CDB2AE10079F207 /* MJRefreshAutoNormalFooter.h */,
				C24C4DCE1CDB2AE10079F207 /* MJRefreshAutoNormalFooter.m */,
				C24C4DCF1CDB2AE10079F207 /* MJRefreshAutoStateFooter.h */,
				C24C4DD01CDB2AE10079F207 /* MJRefreshAutoStateFooter.m */,
			);
			path = Auto;
			sourceTree = "<group>";
		};
		C24C4DD11CDB2AE10079F207 /* Back */ = {
			isa = PBXGroup;
			children = (
				C24C4DD21CDB2AE10079F207 /* MJRefreshBackGifFooter.h */,
				C24C4DD31CDB2AE10079F207 /* MJRefreshBackGifFooter.m */,
				C24C4DD41CDB2AE10079F207 /* MJRefreshBackNormalFooter.h */,
				C24C4DD51CDB2AE10079F207 /* MJRefreshBackNormalFooter.m */,
				C24C4DD61CDB2AE10079F207 /* MJRefreshBackStateFooter.h */,
				C24C4DD71CDB2AE10079F207 /* MJRefreshBackStateFooter.m */,
			);
			path = Back;
			sourceTree = "<group>";
		};
		C24C4DD81CDB2AE10079F207 /* Header */ = {
			isa = PBXGroup;
			children = (
				C24C4DD91CDB2AE10079F207 /* MJRefreshGifHeader.h */,
				C24C4DDA1CDB2AE10079F207 /* MJRefreshGifHeader.m */,
				C24C4DDB1CDB2AE10079F207 /* MJRefreshNormalHeader.h */,
				C24C4DDC1CDB2AE10079F207 /* MJRefreshNormalHeader.m */,
				C24C4DDD1CDB2AE10079F207 /* MJRefreshStateHeader.h */,
				C24C4DDE1CDB2AE10079F207 /* MJRefreshStateHeader.m */,
			);
			path = Header;
			sourceTree = "<group>";
		};
		C25498441CD838DA00DDB5E7 = {
			isa = PBXGroup;
			children = (
				C254984F1CD838DA00DDB5E7 /* RefreshDemo */,
				C25498691CD838DA00DDB5E7 /* RefreshDemoTests */,
				C25498741CD838DA00DDB5E7 /* RefreshDemoUITests */,
				C254984E1CD838DA00DDB5E7 /* Products */,
			);
			sourceTree = "<group>";
		};
		C254984E1CD838DA00DDB5E7 /* Products */ = {
			isa = PBXGroup;
			children = (
				C254984D1CD838DA00DDB5E7 /* RefreshDemo.app */,
				C25498661CD838DA00DDB5E7 /* RefreshDemoTests.xctest */,
				C25498711CD838DA00DDB5E7 /* RefreshDemoUITests.xctest */,
			);
			name = Products;
			sourceTree = "<group>";
		};
		C254984F1CD838DA00DDB5E7 /* RefreshDemo */ = {
			isa = PBXGroup;
			children = (
				C24C4DBC1CDB2AE00079F207 /* MJRefresh */,
				C25498531CD838DA00DDB5E7 /* AppDelegate.h */,
				C25498541CD838DA00DDB5E7 /* AppDelegate.m */,
				C25498561CD838DA00DDB5E7 /* ViewController.h */,
				C25498571CD838DA00DDB5E7 /* ViewController.m */,
				C25498591CD838DA00DDB5E7 /* Main.storyboard */,
				C254985C1CD838DA00DDB5E7 /* Assets.xcassets */,
				C254985E1CD838DA00DDB5E7 /* LaunchScreen.storyboard */,
				C25498611CD838DA00DDB5E7 /* Info.plist */,
				C25498501CD838DA00DDB5E7 /* Supporting Files */,
			);
			path = RefreshDemo;
			sourceTree = "<group>";
		};
		C25498501CD838DA00DDB5E7 /* Supporting Files */ = {
			isa = PBXGroup;
			children = (
				C25498511CD838DA00DDB5E7 /* main.m */,
			);
			name = "Supporting Files";
			sourceTree = "<group>";
		};
		C25498691CD838DA00DDB5E7 /* RefreshDemoTests */ = {
			isa = PBXGroup;
			children = (
				C254986A1CD838DA00DDB5E7 /* RefreshDemoTests.m */,
				C254986C1CD838DA00DDB5E7 /* Info.plist */,
			);
			path = RefreshDemoTests;
			sourceTree = "<group>";
		};
		C25498741CD838DA00DDB5E7 /* RefreshDemoUITests */ = {
			isa = PBXGroup;
			children = (
				C25498751CD838DA00DDB5E7 /* RefreshDemoUITests.m */,
				C25498771CD838DA00DDB5E7 /* Info.plist */,
			);
			path = RefreshDemoUITests;
			sourceTree = "<group>";
		};
/* End PBXGroup section */

/* Begin PBXNativeTarget section */
		C254984C1CD838DA00DDB5E7 /* RefreshDemo */ = {
			isa = PBXNativeTarget;
			buildConfigurationList = C254987A1CD838DA00DDB5E7 /* Build configuration list for PBXNativeTarget "RefreshDemo" */;
			buildPhases = (
				C25498491CD838DA00DDB5E7 /* Sources */,
				C254984A1CD838DA00DDB5E7 /* Frameworks */,
				C254984B1CD838DA00DDB5E7 /* Resources */,
			);
			buildRules = (
			);
			dependencies = (
			);
			name = RefreshDemo;
			productName = RefreshDemo;
			productReference = C254984D1CD838DA00DDB5E7 /* RefreshDemo.app */;
			productType = "com.apple.product-type.application";
		};
		C25498651CD838DA00DDB5E7 /* RefreshDemoTests */ = {
			isa = PBXNativeTarget;
			buildConfigurationList = C254987D1CD838DA00DDB5E7 /* Build configuration list for PBXNativeTarget "RefreshDemoTests" */;
			buildPhases = (
				C25498621CD838DA00DDB5E7 /* Sources */,
				C25498631CD838DA00DDB5E7 /* Frameworks */,
				C25498641CD838DA00DDB5E7 /* Resources */,
			);
			buildRules = (
			);
			dependencies = (
				C25498681CD838DA00DDB5E7 /* PBXTargetDependency */,
			);
			name = RefreshDemoTests;
			productName = RefreshDemoTests;
			productReference = C25498661CD838DA00DDB5E7 /* RefreshDemoTests.xctest */;
			productType = "com.apple.product-type.bundle.unit-test";
		};
		C25498701CD838DA00DDB5E7 /* RefreshDemoUITests */ = {
			isa = PBXNativeTarget;
			buildConfigurationList = C25498801CD838DA00DDB5E7 /* Build configuration list for PBXNativeTarget "RefreshDemoUITests" */;
			buildPhases = (
				C254986D1CD838DA00DDB5E7 /* Sources */,
				C254986E1CD838DA00DDB5E7 /* Frameworks */,
				C254986F1CD838DA00DDB5E7 /* Resources */,
			);
			buildRules = (
			);
			dependencies = (
				C25498731CD838DA00DDB5E7 /* PBXTargetDependency */,
			);
			name = RefreshDemoUITests;
			productName = RefreshDemoUITests;
			productReference = C25498711CD838DA00DDB5E7 /* RefreshDemoUITests.xctest */;
			productType = "com.apple.product-type.bundle.ui-testing";
		};
/* End PBXNativeTarget section */

/* Begin PBXProject section */
		C25498451CD838DA00DDB5E7 /* Project object */ = {
			isa = PBXProject;
			attributes = {
				LastUpgradeCheck = 0720;
				ORGANIZATIONNAME = "孟顺";
				TargetAttributes = {
					C254984C1CD838DA00DDB5E7 = {
						CreatedOnToolsVersion = 7.2;
					};
					C25498651CD838DA00DDB5E7 = {
						CreatedOnToolsVersion = 7.2;
						TestTargetID = C254984C1CD838DA00DDB5E7;
					};
					C25498701CD838DA00DDB5E7 = {
						CreatedOnToolsVersion = 7.2;
						TestTargetID = C254984C1CD838DA00DDB5E7;
					};
				};
			};
			buildConfigurationList = C25498481CD838DA00DDB5E7 /* Build configuration list for PBXProject "RefreshDemo" */;
			compatibilityVersion = "Xcode 3.2";
			developmentRegion = English;
			hasScannedForEncodings = 0;
			knownRegions = (
				en,
				Base,
			);
			mainGroup = C25498441CD838DA00DDB5E7;
			productRefGroup = C254984E1CD838DA00DDB5E7 /* Products */;
			projectDirPath = "";
			projectRoot = "";
			targets = (
				C254984C1CD838DA00DDB5E7 /* RefreshDemo */,
				C25498651CD838DA00DDB5E7 /* RefreshDemoTests */,
				C25498701CD838DA00DDB5E7 /* RefreshDemoUITests */,
			);
		};
/* End PBXProject section */

/* Begin PBXResourcesBuildPhase section */
		C254984B1CD838DA00DDB5E7 /* Resources */ = {
			isa = PBXResourcesBuildPhase;
			buildActionMask = 2147483647;
			files = (
				C25498601CD838DA00DDB5E7 /* LaunchScreen.storyboard in Resources */,
				C254985D1CD838DA00DDB5E7 /* Assets.xcassets in Resources */,
				C24C4DF71CDB2AE10079F207 /* MJRefresh.bundle in Resources */,
				C254985B1CD838DA00DDB5E7 /* Main.storyboard in Resources */,
			);
			runOnlyForDeploymentPostprocessing = 0;
		};
		C25498641CD838DA00DDB5E7 /* Resources */ = {
			isa = PBXResourcesBuildPhase;
			buildActionMask = 2147483647;
			files = (
			);
			runOnlyForDeploymentPostprocessing = 0;
		};
		C254986F1CD838DA00DDB5E7 /* Resources */ = {
			isa = PBXResourcesBuildPhase;
			buildActionMask = 2147483647;
			files = (
			);
			runOnlyForDeploymentPostprocessing = 0;
		};
/* End PBXResourcesBuildPhase section */

/* Begin PBXSourcesBuildPhase section */
		C25498491CD838DA00DDB5E7 /* Sources */ = {
			isa = PBXSourcesBuildPhase;
			buildActionMask = 2147483647;
			files = (
				C24C4DEF1CDB2AE10079F207 /* MJRefreshAutoNormalFooter.m in Sources */,
				C24C4DF21CDB2AE10079F207 /* MJRefreshBackNormalFooter.m in Sources */,
				C24C4DEA1CDB2AE10079F207 /* MJRefreshBackFooter.m in Sources */,
				C24C4DF81CDB2AE10079F207 /* MJRefreshConst.m in Sources */,
				C24C4DF91CDB2AE10079F207 /* UIScrollView+MJExtension.m in Sources */,
				C24C4DEC1CDB2AE10079F207 /* MJRefreshFooter.m in Sources */,
				C24C4DF41CDB2AE10079F207 /* MJRefreshGifHeader.m in Sources */,
				C24C4DE91CDB2AE10079F207 /* MJRefreshAutoFooter.m in Sources */,
				C25498581CD838DA00DDB5E7 /* ViewController.m in Sources */,
				C24C4DFB1CDB2AE10079F207 /* UIView+MJExtension.m in Sources */,
				C24C4DED1CDB2AE10079F207 /* MJRefreshHeader.m in Sources */,
				C24C4DF11CDB2AE10079F207 /* MJRefreshBackGifFooter.m in Sources */,
				C24C4DFA1CDB2AE10079F207 /* UIScrollView+MJRefresh.m in Sources */,
				C24C4DEB1CDB2AE10079F207 /* MJRefreshComponent.m in Sources */,
				C24C4DF01CDB2AE10079F207 /* MJRefreshAutoStateFooter.m in Sources */,
				C24C4DF51CDB2AE10079F207 /* MJRefreshNormalHeader.m in Sources */,
				C24C4DF61CDB2AE10079F207 /* MJRefreshStateHeader.m in Sources */,
				C24C4DF31CDB2AE10079F207 /* MJRefreshBackStateFooter.m in Sources */,
				C24C4DEE1CDB2AE10079F207 /* MJRefreshAutoGifFooter.m in Sources */,
				C25498551CD838DA00DDB5E7 /* AppDelegate.m in Sources */,
				C25498521CD838DA00DDB5E7 /* main.m in Sources */,
			);
			runOnlyForDeploymentPostprocessing = 0;
		};
		C25498621CD838DA00DDB5E7 /* Sources */ = {
			isa = PBXSourcesBuildPhase;
			buildActionMask = 2147483647;
			files = (
				C254986B1CD838DA00DDB5E7 /* RefreshDemoTests.m in Sources */,
			);
			runOnlyForDeploymentPostprocessing = 0;
		};
		C254986D1CD838DA00DDB5E7 /* Sources */ = {
			isa = PBXSourcesBuildPhase;
			buildActionMask = 2147483647;
			files = (
				C25498761CD838DA00DDB5E7 /* RefreshDemoUITests.m in Sources */,
			);
			runOnlyForDeploymentPostprocessing = 0;
		};
/* End PBXSourcesBuildPhase section */

/* Begin PBXTargetDependency section */
		C25498681CD838DA00DDB5E7 /* PBXTargetDependency */ = {
			isa = PBXTargetDependency;
			target = C254984C1CD838DA00DDB5E7 /* RefreshDemo */;
			targetProxy = C25498671CD838DA00DDB5E7 /* PBXContainerItemProxy */;
		};
		C25498731CD838DA00DDB5E7 /* PBXTargetDependency */ = {
			isa = PBXTargetDependency;
			target = C254984C1CD838DA00DDB5E7 /* RefreshDemo */;
			targetProxy = C25498721CD838DA00DDB5E7 /* PBXContainerItemProxy */;
		};
/* End PBXTargetDependency section */

/* Begin PBXVariantGroup section */
		C25498591CD838DA00DDB5E7 /* Main.storyboard */ = {
			isa = PBXVariantGroup;
			children = (
				C254985A1CD838DA00DDB5E7 /* Base */,
			);
			name = Main.storyboard;
			sourceTree = "<group>";
		};
		C254985E1CD838DA00DDB5E7 /* LaunchScreen.storyboard */ = {
			isa = PBXVariantGroup;
			children = (
				C254985F1CD838DA00DDB5E7 /* Base */,
			);
			name = LaunchScreen.storyboard;
			sourceTree = "<group>";
		};
/* End PBXVariantGroup section */

/* Begin XCBuildConfiguration section */
		C25498781CD838DA00DDB5E7 /* Debug */ = {
			isa = XCBuildConfiguration;
			buildSettings = {
				ALWAYS_SEARCH_USER_PATHS = NO;
				CLANG_CXX_LANGUAGE_STANDARD = "gnu++0x";
				CLANG_CXX_LIBRARY = "libc++";
				CLANG_ENABLE_MODULES = YES;
				CLANG_ENABLE_OBJC_ARC = YES;
				CLANG_WARN_BOOL_CONVERSION = YES;
				CLANG_WARN_CONSTANT_CONVERSION = YES;
				CLANG_WARN_DIRECT_OBJC_ISA_USAGE = YES_ERROR;
				CLANG_WARN_EMPTY_BODY = YES;
				CLANG_WARN_ENUM_CONVERSION = YES;
				CLANG_WARN_INT_CONVERSION = YES;
				CLANG_WARN_OBJC_ROOT_CLASS = YES_ERROR;
				CLANG_WARN_UNREACHABLE_CODE = YES;
				CLANG_WARN__DUPLICATE_METHOD_MATCH = YES;
				"CODE_SIGN_IDENTITY[sdk=iphoneos*]" = "iPhone Developer";
				COPY_PHASE_STRIP = NO;
				DEBUG_INFORMATION_FORMAT = dwarf;
				ENABLE_STRICT_OBJC_MSGSEND = YES;
				ENABLE_TESTABILITY = YES;
				GCC_C_LANGUAGE_STANDARD = gnu99;
				GCC_DYNAMIC_NO_PIC = NO;
				GCC_NO_COMMON_BLOCKS = YES;
				GCC_OPTIMIZATION_LEVEL = 0;
				GCC_PREPROCESSOR_DEFINITIONS = (
					"DEBUG=1",
					"$(inherited)",
				);
				GCC_WARN_64_TO_32_BIT_CONVERSION = YES;
				GCC_WARN_ABOUT_RETURN_TYPE = YES_ERROR;
				GCC_WARN_UNDECLARED_SELECTOR = YES;
				GCC_WARN_UNINITIALIZED_AUTOS = YES_AGGRESSIVE;
				GCC_WARN_UNUSED_FUNCTION = YES;
				GCC_WARN_UNUSED_VARIABLE = YES;
				IPHONEOS_DEPLOYMENT_TARGET = 9.2;
				MTL_ENABLE_DEBUG_INFO = YES;
				ONLY_ACTIVE_ARCH = YES;
				SDKROOT = iphoneos;
				TARGETED_DEVICE_FAMILY = "1,2";
			};
			name = Debug;
		};
		C25498791CD838DA00DDB5E7 /* Release */ = {
			isa = XCBuildConfiguration;
			buildSettings = {
				ALWAYS_SEARCH_USER_PATHS = NO;
				CLANG_CXX_LANGUAGE_STANDARD = "gnu++0x";
				CLANG_CXX_LIBRARY = "libc++";
				CLANG_ENABLE_MODULES = YES;
				CLANG_ENABLE_OBJC_ARC = YES;
				CLANG_WARN_BOOL_CONVERSION = YES;
				CLANG_WARN_CONSTANT_CONVERSION = YES;
				CLANG_WARN_DIRECT_OBJC_ISA_USAGE = YES_ERROR;
				CLANG_WARN_EMPTY_BODY = YES;
				CLANG_WARN_ENUM_CONVERSION = YES;
				CLANG_WARN_INT_CONVERSION = YES;
				CLANG_WARN_OBJC_ROOT_CLASS = YES_ERROR;
				CLANG_WARN_UNREACHABLE_CODE = YES;
				CLANG_WARN__DUPLICATE_METHOD_MATCH = YES;
				"CODE_SIGN_IDENTITY[sdk=iphoneos*]" = "iPhone Developer";
				COPY_PHASE_STRIP = NO;
				DEBUG_INFORMATION_FORMAT = "dwarf-with-dsym";
				ENABLE_NS_ASSERTIONS = NO;
				ENABLE_STRICT_OBJC_MSGSEND = YES;
				GCC_C_LANGUAGE_STANDARD = gnu99;
				GCC_NO_COMMON_BLOCKS = YES;
				GCC_WARN_64_TO_32_BIT_CONVERSION = YES;
				GCC_WARN_ABOUT_RETURN_TYPE = YES_ERROR;
				GCC_WARN_UNDECLARED_SELECTOR = YES;
				GCC_WARN_UNINITIALIZED_AUTOS = YES_AGGRESSIVE;
				GCC_WARN_UNUSED_FUNCTION = YES;
				GCC_WARN_UNUSED_VARIABLE = YES;
				IPHONEOS_DEPLOYMENT_TARGET = 9.2;
				MTL_ENABLE_DEBUG_INFO = NO;
				SDKROOT = iphoneos;
				TARGETED_DEVICE_FAMILY = "1,2";
				VALIDATE_PRODUCT = YES;
			};
			name = Release;
		};
		C254987B1CD838DA00DDB5E7 /* Debug */ = {
			isa = XCBuildConfiguration;
			buildSettings = {
				ASSETCATALOG_COMPILER_APPICON_NAME = AppIcon;
				INFOPLIST_FILE = RefreshDemo/Info.plist;
				LD_RUNPATH_SEARCH_PATHS = "$(inherited) @executable_path/Frameworks";
				PRODUCT_BUNDLE_IDENTIFIER = yoho.com.RefreshDemo;
				PRODUCT_NAME = "$(TARGET_NAME)";
			};
			name = Debug;
		};
		C254987C1CD838DA00DDB5E7 /* Release */ = {
			isa = XCBuildConfiguration;
			buildSettings = {
				ASSETCATALOG_COMPILER_APPICON_NAME = AppIcon;
				INFOPLIST_FILE = RefreshDemo/Info.plist;
				LD_RUNPATH_SEARCH_PATHS = "$(inherited) @executable_path/Frameworks";
				PRODUCT_BUNDLE_IDENTIFIER = yoho.com.RefreshDemo;
				PRODUCT_NAME = "$(TARGET_NAME)";
			};
			name = Release;
		};
		C254987E1CD838DA00DDB5E7 /* Debug */ = {
			isa = XCBuildConfiguration;
			buildSettings = {
				BUNDLE_LOADER = "$(TEST_HOST)";
				INFOPLIST_FILE = RefreshDemoTests/Info.plist;
				LD_RUNPATH_SEARCH_PATHS = "$(inherited) @executable_path/Frameworks @loader_path/Frameworks";
				PRODUCT_BUNDLE_IDENTIFIER = yoho.com.RefreshDemoTests;
				PRODUCT_NAME = "$(TARGET_NAME)";
				TEST_HOST = "$(BUILT_PRODUCTS_DIR)/RefreshDemo.app/RefreshDemo";
			};
			name = Debug;
		};
		C254987F1CD838DA00DDB5E7 /* Release */ = {
			isa = XCBuildConfiguration;
			buildSettings = {
				BUNDLE_LOADER = "$(TEST_HOST)";
				INFOPLIST_FILE = RefreshDemoTests/Info.plist;
				LD_RUNPATH_SEARCH_PATHS = "$(inherited) @executable_path/Frameworks @loader_path/Frameworks";
				PRODUCT_BUNDLE_IDENTIFIER = yoho.com.RefreshDemoTests;
				PRODUCT_NAME = "$(TARGET_NAME)";
				TEST_HOST = "$(BUILT_PRODUCTS_DIR)/RefreshDemo.app/RefreshDemo";
			};
			name = Release;
		};
		C25498811CD838DA00DDB5E7 /* Debug */ = {
			isa = XCBuildConfiguration;
			buildSettings = {
				INFOPLIST_FILE = RefreshDemoUITests/Info.plist;
				LD_RUNPATH_SEARCH_PATHS = "$(inherited) @executable_path/Frameworks @loader_path/Frameworks";
				PRODUCT_BUNDLE_IDENTIFIER = yoho.com.RefreshDemoUITests;
				PRODUCT_NAME = "$(TARGET_NAME)";
				TEST_TARGET_NAME = RefreshDemo;
				USES_XCTRUNNER = YES;
			};
			name = Debug;
		};
		C25498821CD838DA00DDB5E7 /* Release */ = {
			isa = XCBuildConfiguration;
			buildSettings = {
				INFOPLIST_FILE = RefreshDemoUITests/Info.plist;
				LD_RUNPATH_SEARCH_PATHS = "$(inherited) @executable_path/Frameworks @loader_path/Frameworks";
				PRODUCT_BUNDLE_IDENTIFIER = yoho.com.RefreshDemoUITests;
				PRODUCT_NAME = "$(TARGET_NAME)";
				TEST_TARGET_NAME = RefreshDemo;
				USES_XCTRUNNER = YES;
			};
			name = Release;
		};
/* End XCBuildConfiguration section */

/* Begin XCConfigurationList section */
		C25498481CD838DA00DDB5E7 /* Build configuration list for PBXProject "RefreshDemo" */ = {
			isa = XCConfigurationList;
			buildConfigurations = (
				C25498781CD838DA00DDB5E7 /* Debug */,
				C25498791CD838DA00DDB5E7 /* Release */,
			);
			defaultConfigurationIsVisible = 0;
			defaultConfigurationName = Release;
		};
		C254987A1CD838DA00DDB5E7 /* Build configuration list for PBXNativeTarget "RefreshDemo" */ = {
			isa = XCConfigurationList;
			buildConfigurations = (
				C254987B1CD838DA00DDB5E7 /* Debug */,
				C254987C1CD838DA00DDB5E7 /* Release */,
			);
			defaultConfigurationIsVisible = 0;
			defaultConfigurationName = Release;
		};
		C254987D1CD838DA00DDB5E7 /* Build configuration list for PBXNativeTarget "RefreshDemoTests" */ = {
			isa = XCConfigurationList;
			buildConfigurations = (
				C254987E1CD838DA00DDB5E7 /* Debug */,
				C254987F1CD838DA00DDB5E7 /* Release */,
			);
			defaultConfigurationIsVisible = 0;
			defaultConfigurationName = Release;
		};
		C25498801CD838DA00DDB5E7 /* Build configuration list for PBXNativeTarget "RefreshDemoUITests" */ = {
			isa = XCConfigurationList;
			buildConfigurations = (
				C25498811CD838DA00DDB5E7 /* Debug */,
				C25498821CD838DA00DDB5E7 /* Release */,
			);
			defaultConfigurationIsVisible = 0;
			defaultConfigurationName = Release;
		};
/* End XCConfigurationList section */
	};
	rootObject = C25498451CD838DA00DDB5E7 /* Project object */;
}
